{
    "name": "pcm",
    "version": "20.1.1",
    "lockfileVersion": 3,
    "requires": true,
    "packages": {
        "": {
            "name": "pcm",
            "version": "20.1.1",
            "license": "SEE LICENSE IN LICENSE.md",
            "dependencies": {
                "smtp-server": "^3.12.0",
                "timepicker": "^1.13.18"
            },
            "engines": {
                "node": ">=16"
            }
        },
        "node_modules/base32.js": {
            "version": "0.1.0",
            "resolved": "https://registry.npmjs.org/base32.js/-/base32.js-0.1.0.tgz",
            "integrity": "sha512-n3TkB02ixgBOhTvANakDb4xaMXnYUVkNoRFJjQflcqMQhyEKxEHdj3E6N8t8sUQ0mjH/3/JxzlXuz3ul/J90pQ==",
            "engines": {
                "node": ">=0.12.0"
            }
        },
        "node_modules/ipv6-normalize": {
            "version": "1.0.1",
            "resolved": "https://registry.npmjs.org/ipv6-normalize/-/ipv6-normalize-1.0.1.tgz",
            "integrity": "sha512-Bm6H79i01DjgGTCWjUuCjJ6QDo1HB96PT/xCYuyJUP9WFbVDrLSbG4EZCvOCun2rNswZb0c3e4Jt/ws795esHA=="
        },
        "node_modules/jquery": {
            "version": "3.7.0",
            "resolved": "https://registry.npmjs.org/jquery/-/jquery-3.7.0.tgz",
            "integrity": "sha512-umpJ0/k8X0MvD1ds0P9SfowREz2LenHsQaxSohMZ5OMNEU2r0tf8pdeEFTHMFxWVxKNyU9rTtK3CWzUCTKJUeQ=="
        },
        "node_modules/nodemailer": {
            "version": "6.9.2",
            "resolved": "https://registry.npmjs.org/nodemailer/-/nodemailer-6.9.2.tgz",
            "integrity": "sha512-4+TYaa/e1nIxQfyw/WzNPYTEZ5OvHIDEnmjs4LPmIfccPQN+2CYKmGHjWixn/chzD3bmUTu5FMfpltizMxqzdg==",
            "engines": {
                "node": ">=6.0.0"
            }
        },
        "node_modules/smtp-server": {
            "version": "3.12.0",
            "resolved": "https://registry.npmjs.org/smtp-server/-/smtp-server-3.12.0.tgz",
            "integrity": "sha512-y8gxURoUv2BrnEsVRbJ9tqbDxp1hLd2l7e5tXp/XscC0EueFjvSQLrpayedYa1mMQgnlhQuGtS1fj9ULfefAkw==",
            "dependencies": {
                "base32.js": "0.1.0",
                "ipv6-normalize": "1.0.1",
                "nodemailer": "6.9.2"
            },
            "engines": {
                "node": ">=6.0.0"
            }
        },
        "node_modules/timepicker": {
            "version": "1.14.0",
            "resolved": "https://registry.npmjs.org/timepicker/-/timepicker-1.14.0.tgz",
            "integrity": "sha512-j0hZSOWq8oRF0BImnccfb3XzWufFeRlM0KdYy58xpnmVWCNVLvVrJUZXKjd62mYggefUdxe+sSHKtOoUtB6elA==",
            "dependencies": {
                "jquery": "^3.5.1"
            }
        }
    }
}
